
Microsoft Visual Studio Solution File, Format Version 12.00
# Visual Studio 15
VisualStudioVersion = 15.0.26730.16
MinimumVisualStudioVersion = 10.0.40219.1
Project("{FAE04EC0-301F-11D3-BF4B-00C04F79EFBC}") = "Yatzhee", "Yatzhee\Yatzhee.csproj", "{1120A31D-7FF4-4062-8A3B-1A5F6466C87F}"
EndProject
Global
	GlobalSection(SolutionConfigurationPlatforms) = preSolution
		Debug|Any CPU = Debug|Any CPU
		Release|Any CPU = Release|Any CPU
	EndGlobalSection
	GlobalSection(ProjectConfigurationPlatforms) = postSolution
		{1120A31D-7FF4-4062-8A3B-1A5F6466C87F}.Debug|Any CPU.ActiveCfg = Debug|Any CPU
		{1120A31D-7FF4-4062-8A3B-1A5F6466C87F}.Debug|Any CPU.Build.0 = Debug|Any CPU
		{1120A31D-7FF4-4062-8A3B-1A5F6466C87F}.Release|Any CPU.ActiveCfg = Debug|Any CPU
		{1120A31D-7FF4-4062-8A3B-1A5F6466C87F}.Release|Any CPU.Build.0 = Debug|Any CPU
	EndGlobalSection
	GlobalSection(SolutionProperties) = preSolution
		HideSolutionNode = FALSE
	EndGlobalSection
	GlobalSection(ExtensibilityGlobals) = postSolution
		SolutionGuid = {EAEC025A-522B-40A0-A279-27AAB4F5DC2C}
	EndGlobalSection
EndGlobal
